
Microsoft Visual Studio Solution File, Format Version 12.00
# Visual Studio Version 17
VisualStudioVersion = 17.14.36401.2
MinimumVisualStudioVersion = 10.0.40219.1
Project("{FAE04EC0-301F-11D3-BF4B-00C04F79EFBC}") = "ECommerce.API", "ECommerce.API\ECommerce.API.csproj", "{DD9191C9-6171-42A7-93D5-6A40DA9FB492}"
EndProject
Project("{2150E333-8FDC-42A3-9474-1A3956D46DE8}") = "Application Core Layer", "Application Core Layer", "{02EA681E-C7D8-13C7-8484-4AC65E1B71E8}"
EndProject
Project("{2150E333-8FDC-42A3-9474-1A3956D46DE8}") = "Presentation Layer", "Presentation Layer", "{F9BD62D1-7EEC-4872-9766-76C27B71AB85}"
EndProject
Project("{2150E333-8FDC-42A3-9474-1A3956D46DE8}") = "Infrastructure Layer", "Infrastructure Layer", "{C4780DCA-0F1D-4988-AA0A-1A4C2610972C}"
EndProject
Project("{FAE04EC0-301F-11D3-BF4B-00C04F79EFBC}") = "ECommerce.Domain", "ECommerce.Domain\ECommerce.Domain.csproj", "{FCD6C6F2-2153-4AD1-A3F0-3A56787E3E0B}"
EndProject
Project("{FAE04EC0-301F-11D3-BF4B-00C04F79EFBC}") = "ECommerce.Services", "ECommerce.Services\ECommerce.Services.csproj", "{FD644A85-50C4-4C5C-BF27-B357431E3427}"
EndProject
Project("{FAE04EC0-301F-11D3-BF4B-00C04F79EFBC}") = "ECommerce.Services.Abstraction", "ECommerce.Services.Abstraction\ECommerce.Services.Abstraction.csproj", "{6F292D31-D2A0-4BC5-8196-CA3070D89126}"
EndProject
Project("{FAE04EC0-301F-11D3-BF4B-00C04F79EFBC}") = "ECommerce.Persistence", "ECommerce.Persistence\ECommerce.Persistence.csproj", "{8D21AB6C-D340-4CFE-A99F-C0B76F2E05E0}"
EndProject
Project("{FAE04EC0-301F-11D3-BF4B-00C04F79EFBC}") = "ECommerce.Shared", "ECommerce.Shared\ECommerce.Shared.csproj", "{DF828F96-58F0-482B-8E16-F69F976D210E}"
EndProject
Project("{FAE04EC0-301F-11D3-BF4B-00C04F79EFBC}") = "ECommerce.Presentation", "ECommerce.Presentation\ECommerce.Presentation.csproj", "{65B205B1-5A62-4DC7-B7E6-88BDD95A59DE}"
EndProject
Global
	GlobalSection(SolutionConfigurationPlatforms) = preSolution
		Debug|Any CPU = Debug|Any CPU
		Release|Any CPU = Release|Any CPU
	EndGlobalSection
	GlobalSection(ProjectConfigurationPlatforms) = postSolution
		{DD9191C9-6171-42A7-93D5-6A40DA9FB492}.Debug|Any CPU.ActiveCfg = Debug|Any CPU
		{DD9191C9-6171-42A7-93D5-6A40DA9FB492}.Debug|Any CPU.Build.0 = Debug|Any CPU
		{DD9191C9-6171-42A7-93D5-6A40DA9FB492}.Release|Any CPU.ActiveCfg = Release|Any CPU
		{DD9191C9-6171-42A7-93D5-6A40DA9FB492}.Release|Any CPU.Build.0 = Release|Any CPU
		{FCD6C6F2-2153-4AD1-A3F0-3A56787E3E0B}.Debug|Any CPU.ActiveCfg = Debug|Any CPU
		{FCD6C6F2-2153-4AD1-A3F0-3A56787E3E0B}.Debug|Any CPU.Build.0 = Debug|Any CPU
		{FCD6C6F2-2153-4AD1-A3F0-3A56787E3E0B}.Release|Any CPU.ActiveCfg = Release|Any CPU
		{FCD6C6F2-2153-4AD1-A3F0-3A56787E3E0B}.Release|Any CPU.Build.0 = Release|Any CPU
		{FD644A85-50C4-4C5C-BF27-B357431E3427}.Debug|Any CPU.ActiveCfg = Debug|Any CPU
		{FD644A85-50C4-4C5C-BF27-B357431E3427}.Debug|Any CPU.Build.0 = Debug|Any CPU
		{FD644A85-50C4-4C5C-BF27-B357431E3427}.Release|Any CPU.ActiveCfg = Release|Any CPU
		{FD644A85-50C4-4C5C-BF27-B357431E3427}.Release|Any CPU.Build.0 = Release|Any CPU
		{6F292D31-D2A0-4BC5-8196-CA3070D89126}.Debug|Any CPU.ActiveCfg = Debug|Any CPU
		{6F292D31-D2A0-4BC5-8196-CA3070D89126}.Debug|Any CPU.Build.0 = Debug|Any CPU
		{6F292D31-D2A0-4BC5-8196-CA3070D89126}.Release|Any CPU.ActiveCfg = Release|Any CPU
		{6F292D31-D2A0-4BC5-8196-CA3070D89126}.Release|Any CPU.Build.0 = Release|Any CPU
		{8D21AB6C-D340-4CFE-A99F-C0B76F2E05E0}.Debug|Any CPU.ActiveCfg = Debug|Any CPU
		{8D21AB6C-D340-4CFE-A99F-C0B76F2E05E0}.Debug|Any CPU.Build.0 = Debug|Any CPU
		{8D21AB6C-D340-4CFE-A99F-C0B76F2E05E0}.Release|Any CPU.ActiveCfg = Release|Any CPU
		{8D21AB6C-D340-4CFE-A99F-C0B76F2E05E0}.Release|Any CPU.Build.0 = Release|Any CPU
		{DF828F96-58F0-482B-8E16-F69F976D210E}.Debug|Any CPU.ActiveCfg = Debug|Any CPU
		{DF828F96-58F0-482B-8E16-F69F976D210E}.Debug|Any CPU.Build.0 = Debug|Any CPU
		{DF828F96-58F0-482B-8E16-F69F976D210E}.Release|Any CPU.ActiveCfg = Release|Any CPU
		{DF828F96-58F0-482B-8E16-F69F976D210E}.Release|Any CPU.Build.0 = Release|Any CPU
		{65B205B1-5A62-4DC7-B7E6-88BDD95A59DE}.Debug|Any CPU.ActiveCfg = Debug|Any CPU
		{65B205B1-5A62-4DC7-B7E6-88BDD95A59DE}.Debug|Any CPU.Build.0 = Debug|Any CPU
		{65B205B1-5A62-4DC7-B7E6-88BDD95A59DE}.Release|Any CPU.ActiveCfg = Release|Any CPU
		{65B205B1-5A62-4DC7-B7E6-88BDD95A59DE}.Release|Any CPU.Build.0 = Release|Any CPU
	EndGlobalSection
	GlobalSection(SolutionProperties) = preSolution
		HideSolutionNode = FALSE
	EndGlobalSection
	GlobalSection(NestedProjects) = preSolution
		{DD9191C9-6171-42A7-93D5-6A40DA9FB492} = {F9BD62D1-7EEC-4872-9766-76C27B71AB85}
		{FCD6C6F2-2153-4AD1-A3F0-3A56787E3E0B} = {02EA681E-C7D8-13C7-8484-4AC65E1B71E8}
		{FD644A85-50C4-4C5C-BF27-B357431E3427} = {02EA681E-C7D8-13C7-8484-4AC65E1B71E8}
		{6F292D31-D2A0-4BC5-8196-CA3070D89126} = {02EA681E-C7D8-13C7-8484-4AC65E1B71E8}
		{8D21AB6C-D340-4CFE-A99F-C0B76F2E05E0} = {C4780DCA-0F1D-4988-AA0A-1A4C2610972C}
		{65B205B1-5A62-4DC7-B7E6-88BDD95A59DE} = {F9BD62D1-7EEC-4872-9766-76C27B71AB85}
	EndGlobalSection
	GlobalSection(ExtensibilityGlobals) = postSolution
		SolutionGuid = {28BFF6C9-A227-47E8-9B46-CCDFB61542ED}
	EndGlobalSection
EndGlobal
